
Microsoft Visual Studio Solution File, Format Version 12.00
# Visual Studio Version 17
VisualStudioVersion = 17.5.002.0
MinimumVisualStudioVersion = 10.0.40219.1
Project("{9A19103F-16F7-4668-BE54-9A1E7A4F7556}") = "ejercicio1", "ejercicio1\ejercicio1.csproj", "{CA364C9F-7FD5-43C7-A4CF-EA92D10EB0D8}"
EndProject
Global
	GlobalSection(SolutionConfigurationPlatforms) = preSolution
		Debug|Any CPU = Debug|Any CPU
		Release|Any CPU = Release|Any CPU
	EndGlobalSection
	GlobalSection(ProjectConfigurationPlatforms) = postSolution
		{CA364C9F-7FD5-43C7-A4CF-EA92D10EB0D8}.Debug|Any CPU.ActiveCfg = Debug|Any CPU
		{CA364C9F-7FD5-43C7-A4CF-EA92D10EB0D8}.Debug|Any CPU.Build.0 = Debug|Any CPU
		{CA364C9F-7FD5-43C7-A4CF-EA92D10EB0D8}.Release|Any CPU.ActiveCfg = Release|Any CPU
		{CA364C9F-7FD5-43C7-A4CF-EA92D10EB0D8}.Release|Any CPU.Build.0 = Release|Any CPU
	EndGlobalSection
	GlobalSection(SolutionProperties) = preSolution
		HideSolutionNode = FALSE
	EndGlobalSection
	GlobalSection(ExtensibilityGlobals) = postSolution
		SolutionGuid = {EA213E03-AA3B-444B-929B-67ACF0694A8C}
	EndGlobalSection
EndGlobal
