
Microsoft Visual Studio Solution File, Format Version 12.00
# Visual Studio Version 17
VisualStudioVersion = 17.5.002.0
MinimumVisualStudioVersion = 10.0.40219.1
Project("{9A19103F-16F7-4668-BE54-9A1E7A4F7556}") = "ejercicio1", "ejercicio1\ejercicio1.csproj", "{0927BFC7-759B-4756-9737-B53817AB15C1}"
EndProject
Global
	GlobalSection(SolutionConfigurationPlatforms) = preSolution
		Debug|Any CPU = Debug|Any CPU
		Release|Any CPU = Release|Any CPU
	EndGlobalSection
	GlobalSection(ProjectConfigurationPlatforms) = postSolution
		{0927BFC7-759B-4756-9737-B53817AB15C1}.Debug|Any CPU.ActiveCfg = Debug|Any CPU
		{0927BFC7-759B-4756-9737-B53817AB15C1}.Debug|Any CPU.Build.0 = Debug|Any CPU
		{0927BFC7-759B-4756-9737-B53817AB15C1}.Release|Any CPU.ActiveCfg = Release|Any CPU
		{0927BFC7-759B-4756-9737-B53817AB15C1}.Release|Any CPU.Build.0 = Release|Any CPU
	EndGlobalSection
	GlobalSection(SolutionProperties) = preSolution
		HideSolutionNode = FALSE
	EndGlobalSection
	GlobalSection(ExtensibilityGlobals) = postSolution
		SolutionGuid = {96660AC1-6C00-49DD-876D-B3050D3EFBE2}
	EndGlobalSection
EndGlobal
